{
  "originHash" : "45e2ee239d80a2112b8f62fc2683d1cfbe5aab8dfd01e355dea08e71975392ff",
  "pins" : [
    {
      "identity" : "swift-argument-parser",
      "kind" : "remoteSourceControl",
      "location" : "https://github.com/apple/swift-argument-parser.git",
      "state" : {
        "revision" : "c5d11a805e765f52ba34ec7284bd4fcd6ba68615",
        "version" : "1.7.0"
      }
    },
    {
      "identity" : "swift-index-store",
      "kind" : "remoteSourceControl",
      "location" : "https://github.com/MobileNativeFoundation/swift-index-store",
      "state" : {
        "revision" : "c4665d1c0897f45add476bb78692cbf1821c0e7a"
      }
    },
    {
      "identity" : "swift-protobuf",
      "kind" : "remoteSourceControl",
      "location" : "https://github.com/apple/swift-protobuf.git",
      "state" : {
        "revision" : "5596511fce902e649c403cd4d6d5da1254f142b7",
        "version" : "1.35.1"
      }
    },
    {
      "identity" : "swift-syntax",
      "kind" : "remoteSourceControl",
      "location" : "https://github.com/swiftlang/swift-syntax.git",
      "state" : {
        "revision" : "0687f71944021d616d34d922343dcef086855920",
        "version" : "600.0.1"
      }
    }
  ],
  "version" : 3
}
